
Microsoft Visual Studio Solution File, Format Version 12.00
# Visual Studio Version 16
VisualStudioVersion = 16.0.30804.86
MinimumVisualStudioVersion = 10.0.40219.1
Project("{FAE04EC0-301F-11D3-BF4B-00C04F79EFBC}") = "PrettyObject", "PrettyObject.csproj", "{5B1425FB-1C33-4DA7-80CB-A4EEFF46A903}"
EndProject
Project("{FAE04EC0-301F-11D3-BF4B-00C04F79EFBC}") = "PrettyObjectUnit", "..\PrettyObjectUnit\PrettyObjectUnit.csproj", "{27CFBC60-7F8C-43E8-9330-9A20E23B7DE5}"
EndProject
Global
	GlobalSection(SolutionConfigurationPlatforms) = preSolution
		Debug|Any CPU = Debug|Any CPU
		Release|Any CPU = Release|Any CPU
	EndGlobalSection
	GlobalSection(ProjectConfigurationPlatforms) = postSolution
		{5B1425FB-1C33-4DA7-80CB-A4EEFF46A903}.Debug|Any CPU.ActiveCfg = Debug|Any CPU
		{5B1425FB-1C33-4DA7-80CB-A4EEFF46A903}.Debug|Any CPU.Build.0 = Debug|Any CPU
		{5B1425FB-1C33-4DA7-80CB-A4EEFF46A903}.Release|Any CPU.ActiveCfg = Release|Any CPU
		{5B1425FB-1C33-4DA7-80CB-A4EEFF46A903}.Release|Any CPU.Build.0 = Release|Any CPU
		{27CFBC60-7F8C-43E8-9330-9A20E23B7DE5}.Debug|Any CPU.ActiveCfg = Debug|Any CPU
		{27CFBC60-7F8C-43E8-9330-9A20E23B7DE5}.Debug|Any CPU.Build.0 = Debug|Any CPU
		{27CFBC60-7F8C-43E8-9330-9A20E23B7DE5}.Release|Any CPU.ActiveCfg = Release|Any CPU
		{27CFBC60-7F8C-43E8-9330-9A20E23B7DE5}.Release|Any CPU.Build.0 = Release|Any CPU
	EndGlobalSection
	GlobalSection(SolutionProperties) = preSolution
		HideSolutionNode = FALSE
	EndGlobalSection
	GlobalSection(ExtensibilityGlobals) = postSolution
		SolutionGuid = {5A9D7681-17AC-4262-BF7E-1B6C7E005E89}
	EndGlobalSection
EndGlobal
